
Microsoft Visual Studio Solution File, Format Version 12.00
# Visual Studio 2012
Project("{FAE04EC0-301F-11D3-BF4B-00C04F79EFBC}") = "MyCompany.ModelFirst", "MyCompany.ModelFirst\MyCompany.ModelFirst.csproj", "{5B2A60FA-0954-4B09-BCE4-68127BB79A28}"
EndProject
Project("{FAE04EC0-301F-11D3-BF4B-00C04F79EFBC}") = "MyCompany.NorthwindSystem", "MyCompany.NorthwindSystem\MyCompany.NorthwindSystem.csproj", "{47DA6215-EFD5-4C34-A8F4-7DBECC8784C9}"
EndProject
Global
	GlobalSection(SolutionConfigurationPlatforms) = preSolution
		Debug|Any CPU = Debug|Any CPU
		Release|Any CPU = Release|Any CPU
	EndGlobalSection
	GlobalSection(ProjectConfigurationPlatforms) = postSolution
		{5B2A60FA-0954-4B09-BCE4-68127BB79A28}.Debug|Any CPU.ActiveCfg = Debug|Any CPU
		{5B2A60FA-0954-4B09-BCE4-68127BB79A28}.Debug|Any CPU.Build.0 = Debug|Any CPU
		{5B2A60FA-0954-4B09-BCE4-68127BB79A28}.Release|Any CPU.ActiveCfg = Release|Any CPU
		{5B2A60FA-0954-4B09-BCE4-68127BB79A28}.Release|Any CPU.Build.0 = Release|Any CPU
		{47DA6215-EFD5-4C34-A8F4-7DBECC8784C9}.Debug|Any CPU.ActiveCfg = Debug|Any CPU
		{47DA6215-EFD5-4C34-A8F4-7DBECC8784C9}.Debug|Any CPU.Build.0 = Debug|Any CPU
		{47DA6215-EFD5-4C34-A8F4-7DBECC8784C9}.Release|Any CPU.ActiveCfg = Release|Any CPU
		{47DA6215-EFD5-4C34-A8F4-7DBECC8784C9}.Release|Any CPU.Build.0 = Release|Any CPU
	EndGlobalSection
	GlobalSection(SolutionProperties) = preSolution
		HideSolutionNode = FALSE
	EndGlobalSection
EndGlobal
